
Microsoft Visual Studio Solution File, Format Version 12.00
# Visual Studio 2013
VisualStudioVersion = 12.0.21005.1
MinimumVisualStudioVersion = 10.0.40219.1
Project("{FAE04EC0-301F-11D3-BF4B-00C04F79EFBC}") = "SmartHomeSystems", "Project2\SmartHomeSystems.csproj", "{2A96FE1A-4877-4B36-8623-349083510FAD}"
EndProject
Project("{FAE04EC0-301F-11D3-BF4B-00C04F79EFBC}") = "ClassLibrary", "ClassLibrary\ClassLibrary.csproj", "{992B2EB7-4149-4696-9054-11113173D60F}"
EndProject
Global
	GlobalSection(SolutionConfigurationPlatforms) = preSolution
		Debug|Any CPU = Debug|Any CPU
		Release|Any CPU = Release|Any CPU
	EndGlobalSection
	GlobalSection(ProjectConfigurationPlatforms) = postSolution
		{2A96FE1A-4877-4B36-8623-349083510FAD}.Debug|Any CPU.ActiveCfg = Debug|Any CPU
		{2A96FE1A-4877-4B36-8623-349083510FAD}.Debug|Any CPU.Build.0 = Debug|Any CPU
		{2A96FE1A-4877-4B36-8623-349083510FAD}.Release|Any CPU.ActiveCfg = Release|Any CPU
		{2A96FE1A-4877-4B36-8623-349083510FAD}.Release|Any CPU.Build.0 = Release|Any CPU
		{992B2EB7-4149-4696-9054-11113173D60F}.Debug|Any CPU.ActiveCfg = Debug|Any CPU
		{992B2EB7-4149-4696-9054-11113173D60F}.Debug|Any CPU.Build.0 = Debug|Any CPU
		{992B2EB7-4149-4696-9054-11113173D60F}.Release|Any CPU.ActiveCfg = Release|Any CPU
		{992B2EB7-4149-4696-9054-11113173D60F}.Release|Any CPU.Build.0 = Release|Any CPU
	EndGlobalSection
	GlobalSection(SolutionProperties) = preSolution
		HideSolutionNode = FALSE
	EndGlobalSection
EndGlobal
